# THIS IS AN AUTOGENERATED FILE. DO NOT EDIT THIS FILE DIRECTLY.
# yarn lockfile v1


"@antfu/utils@^0.4.0":
  "integrity" "sha512-gqkpvjkgFUu+s3kP+Ly33OKpo5zvVY3FDFhv5BIb98SncS3KD6DNxPfNDjwHIoyXbz1leWo1j8DtRLZ1D2Jv+Q=="
  "resolved" "https://registry.npmmirror.com/@antfu/utils/-/utils-0.4.0.tgz"
  "version" "0.4.0"
  dependencies:
    "@types/throttle-debounce" "^2.1.0"

"@babel/parser@^7.15.8", "@babel/parser@^7.16.4":
  "integrity" "sha512-sR4eaSrnM7BV7QPzGfEX5paG/6wrZM3I0HDzfIAK06ESvo9oy3xBuVBxE3MbQaKNhvg8g/ixjMWo2CGpzpHsDA=="
  "resolved" "https://registry.npmmirror.com/@babel/parser/download/@babel/parser-7.16.7.tgz"
  "version" "7.16.7"

"@ctrl/tinycolor@^3.4.0":
  "integrity" "sha1-w8WuVDyJfKqcKmhjC+01W+X5mQ8="
  "resolved" "https://registry.nlark.com/@ctrl/tinycolor/download/@ctrl/tinycolor-3.4.0.tgz"
  "version" "3.4.0"

"@element-plus/icons-vue@^0.2.4":
  "integrity" "sha512-RsJNyL58rwxtsjeMy34o8txkL6UlME1stWsUlRpTac6UE9Bx9gdJvnDXbIKhOJqBLX17fBjmposdrn6VTqim2w=="
  "resolved" "https://registry.npmmirror.com/@element-plus/icons-vue/download/@element-plus/icons-vue-0.2.4.tgz"
  "version" "0.2.4"

"@nodelib/fs.scandir@2.1.5":
  "integrity" "sha512-vq24Bq3ym5HEQm2NKCr3yXDwjc7vTsEThRDnkp2DK9p1uqLR+DHurm/NOTo0KG7HYHU7eppKZj3MyqYuMBf62g=="
  "resolved" "https://registry.npmmirror.com/@nodelib/fs.scandir/-/fs.scandir-2.1.5.tgz"
  "version" "2.1.5"
  dependencies:
    "@nodelib/fs.stat" "2.0.5"
    "run-parallel" "^1.1.9"

"@nodelib/fs.stat@^2.0.2", "@nodelib/fs.stat@2.0.5":
  "integrity" "sha512-RkhPPp2zrqDAQA/2jNhnztcPAlv64XdhIp7a7454A5ovI7Bukxgt7MX7udwAu3zg1DcpPU0rz3VV1SeaqvY4+A=="
  "resolved" "https://registry.npmmirror.com/@nodelib/fs.stat/-/fs.stat-2.0.5.tgz"
  "version" "2.0.5"

"@nodelib/fs.walk@^1.2.3":
  "integrity" "sha512-oGB+UxlgWcgQkgwo8GcEGwemoTFt3FIO9ababBmaGwXIoBKZ+GTy0pP185beGg7Llih/NSHSV2XAs1lnznocSg=="
  "resolved" "https://registry.npmmirror.com/@nodelib/fs.walk/-/fs.walk-1.2.8.tgz"
  "version" "1.2.8"
  dependencies:
    "@nodelib/fs.scandir" "2.1.5"
    "fastq" "^1.6.0"

"@popperjs/core@^2.10.2":
  "integrity" "sha512-92FRmppjjqz29VMJ2dn+xdyXZBrMlE42AV6Kq6BwjWV7CNUW1hs2FtxSNLQE+gJhaZ6AAmYuO9y8dshhcBl7vA=="
  "resolved" "https://registry.npmmirror.com/@popperjs/core/download/@popperjs/core-2.11.2.tgz"
  "version" "2.11.2"

"@rollup/pluginutils@^4.1.2":
  "integrity" "sha512-ROn4qvkxP9SyPeHaf7uQC/GPFY6L/OWy9+bd9AwcjOAWQwxRscoEyAUD8qCY5o5iL4jqQwoLk2kaTKJPb/HwzQ=="
  "resolved" "https://registry.npmmirror.com/@rollup/pluginutils/-/pluginutils-4.1.2.tgz"
  "version" "4.1.2"
  dependencies:
    "estree-walker" "^2.0.1"
    "picomatch" "^2.2.2"

"@types/throttle-debounce@^2.1.0":
  "integrity" "sha512-5eQEtSCoESnh2FsiLTxE121IiE60hnMqcb435fShf4bpLRjEu1Eoekht23y6zXS9Ts3l+Szu3TARnTsA0GkOkQ=="
  "resolved" "https://registry.npmmirror.com/@types/throttle-debounce/-/throttle-debounce-2.1.0.tgz"
  "version" "2.1.0"

"@vitejs/plugin-vue@^2.0.0":
  "integrity" "sha512-wtdMnGVvys9K8tg+DxowU1ytTrdVveXr3LzdhaKakysgGXyrsfaeds2cDywtvujEASjWOwWL/OgWM+qoeM8Plg=="
  "resolved" "https://registry.npmmirror.com/@vitejs/plugin-vue/download/@vitejs/plugin-vue-2.0.1.tgz"
  "version" "2.0.1"

"@vue/compiler-core@3.2.26":
  "integrity" "sha512-N5XNBobZbaASdzY9Lga2D9Lul5vdCIOXvUMd6ThcN8zgqQhPKfCV+wfAJNNJKQkSHudnYRO2gEB+lp0iN3g2Tw=="
  "resolved" "https://registry.npmmirror.com/@vue/compiler-core/download/@vue/compiler-core-3.2.26.tgz"
  "version" "3.2.26"
  dependencies:
    "@babel/parser" "^7.16.4"
    "@vue/shared" "3.2.26"
    "estree-walker" "^2.0.2"
    "source-map" "^0.6.1"

"@vue/compiler-dom@3.2.26":
  "integrity" "sha512-smBfaOW6mQDxcT3p9TKT6mE22vjxjJL50GFVJiI0chXYGU/xzC05QRGrW3HHVuJrmLTLx5zBhsZ2dIATERbarg=="
  "resolved" "https://registry.npmmirror.com/@vue/compiler-dom/download/@vue/compiler-dom-3.2.26.tgz"
  "version" "3.2.26"
  dependencies:
    "@vue/compiler-core" "3.2.26"
    "@vue/shared" "3.2.26"

"@vue/compiler-sfc@3.2.26":
  "integrity" "sha512-ePpnfktV90UcLdsDQUh2JdiTuhV0Skv2iYXxfNMOK/F3Q+2BO0AulcVcfoksOpTJGmhhfosWfMyEaEf0UaWpIw=="
  "resolved" "https://registry.npmmirror.com/@vue/compiler-sfc/download/@vue/compiler-sfc-3.2.26.tgz"
  "version" "3.2.26"
  dependencies:
    "@babel/parser" "^7.16.4"
    "@vue/compiler-core" "3.2.26"
    "@vue/compiler-dom" "3.2.26"
    "@vue/compiler-ssr" "3.2.26"
    "@vue/reactivity-transform" "3.2.26"
    "@vue/shared" "3.2.26"
    "estree-walker" "^2.0.2"
    "magic-string" "^0.25.7"
    "postcss" "^8.1.10"
    "source-map" "^0.6.1"

"@vue/compiler-ssr@3.2.26":
  "integrity" "sha512-2mywLX0ODc4Zn8qBoA2PDCsLEZfpUGZcyoFRLSOjyGGK6wDy2/5kyDOWtf0S0UvtoyVq95OTSGIALjZ4k2q/ag=="
  "resolved" "https://registry.npmmirror.com/@vue/compiler-ssr/download/@vue/compiler-ssr-3.2.26.tgz"
  "version" "3.2.26"
  dependencies:
    "@vue/compiler-dom" "3.2.26"
    "@vue/shared" "3.2.26"

"@vue/devtools-api@^6.0.0-beta.18", "@vue/devtools-api@^6.0.0-beta.21":
  "integrity" "sha512-1W8ylfudTFepNgpgY1Dp29iVPlseIy+0+4xXoMkxKmdnxWx8vm8dNgz4F83zML46hHb9aP382JURFfqLuJcWYQ=="
  "resolved" "https://registry.npmmirror.com/@vue/devtools-api/-/devtools-api-6.0.2.tgz"
  "version" "6.0.2"

"@vue/reactivity-transform@3.2.26":
  "integrity" "sha512-XKMyuCmzNA7nvFlYhdKwD78rcnmPb7q46uoR00zkX6yZrUmcCQ5OikiwUEVbvNhL5hBJuvbSO95jB5zkUon+eQ=="
  "resolved" "https://registry.npmmirror.com/@vue/reactivity-transform/download/@vue/reactivity-transform-3.2.26.tgz"
  "version" "3.2.26"
  dependencies:
    "@babel/parser" "^7.16.4"
    "@vue/compiler-core" "3.2.26"
    "@vue/shared" "3.2.26"
    "estree-walker" "^2.0.2"
    "magic-string" "^0.25.7"

"@vue/reactivity@3.2.26":
  "integrity" "sha512-h38bxCZLW6oFJVDlCcAiUKFnXI8xP8d+eO0pcDxx+7dQfSPje2AO6M9S9QO6MrxQB7fGP0DH0dYQ8ksf6hrXKQ=="
  "resolved" "https://registry.npmmirror.com/@vue/reactivity/download/@vue/reactivity-3.2.26.tgz"
  "version" "3.2.26"
  dependencies:
    "@vue/shared" "3.2.26"

"@vue/runtime-core@3.2.26":
  "integrity" "sha512-BcYi7qZ9Nn+CJDJrHQ6Zsmxei2hDW0L6AB4vPvUQGBm2fZyC0GXd/4nVbyA2ubmuhctD5RbYY8L+5GUJszv9mQ=="
  "resolved" "https://registry.npmmirror.com/@vue/runtime-core/download/@vue/runtime-core-3.2.26.tgz"
  "version" "3.2.26"
  dependencies:
    "@vue/reactivity" "3.2.26"
    "@vue/shared" "3.2.26"

"@vue/runtime-dom@3.2.26":
  "integrity" "sha512-dY56UIiZI+gjc4e8JQBwAifljyexfVCkIAu/WX8snh8vSOt/gMSEGwPRcl2UpYpBYeyExV8WCbgvwWRNt9cHhQ=="
  "resolved" "https://registry.npmmirror.com/@vue/runtime-dom/download/@vue/runtime-dom-3.2.26.tgz"
  "version" "3.2.26"
  dependencies:
    "@vue/runtime-core" "3.2.26"
    "@vue/shared" "3.2.26"
    "csstype" "^2.6.8"

"@vue/server-renderer@3.2.26":
  "integrity" "sha512-Jp5SggDUvvUYSBIvYEhy76t4nr1vapY/FIFloWmQzn7UxqaHrrBpbxrqPcTrSgGrcaglj0VBp22BKJNre4aA1w=="
  "resolved" "https://registry.npmmirror.com/@vue/server-renderer/download/@vue/server-renderer-3.2.26.tgz"
  "version" "3.2.26"
  dependencies:
    "@vue/compiler-ssr" "3.2.26"
    "@vue/shared" "3.2.26"

"@vue/shared@3.2.26":
  "integrity" "sha512-vPV6Cq+NIWbH5pZu+V+2QHE9y1qfuTq49uNWw4f7FDEeZaDU2H2cx5jcUZOAKW7qTrUS4k6qZPbMy1x4N96nbA=="
  "resolved" "https://registry.npmmirror.com/@vue/shared/download/@vue/shared-3.2.26.tgz"
  "version" "3.2.26"

"@vueuse/core@*", "@vueuse/core@^7.3.0":
  "integrity" "sha512-D9j5ymHFMFRXQqCp0yZJkf/bvBGiz0MrKUa364p+L8dMyd5zyq2K1JmHyvoBd4xbTFRfmQ1h878u6YE5LCkDVQ=="
  "resolved" "https://registry.npmmirror.com/@vueuse/core/download/@vueuse/core-7.5.3.tgz"
  "version" "7.5.3"
  dependencies:
    "@vueuse/shared" "7.5.3"
    "vue-demi" "*"

"@vueuse/shared@7.5.3":
  "integrity" "sha512-BJ71cxHN5VByW1S58Gl85NFJaQu93F7Vs7K/MuAKsIIuHm9PBbkR5Vxkg9ko9cBdiKVt+FNoo13BhdbA+Vwycg=="
  "resolved" "https://registry.npmmirror.com/@vueuse/shared/download/@vueuse/shared-7.5.3.tgz"
  "version" "7.5.3"
  dependencies:
    "vue-demi" "*"

"anymatch@~3.1.2":
  "integrity" "sha1-wFV8CWrzLxBhmPT04qODU343hxY="
  "resolved" "https://registry.nlark.com/anymatch/download/anymatch-3.1.2.tgz"
  "version" "3.1.2"
  dependencies:
    "normalize-path" "^3.0.0"
    "picomatch" "^2.0.4"

"async-validator@^4.0.7":
  "integrity" "sha1-A0oP0hA6ay6/AQ2nUYO+wpkkev4="
  "resolved" "https://registry.npmmirror.com/async-validator/download/async-validator-4.0.7.tgz?cache=0&sync_timestamp=1634529574100&other_urls=https%3A%2F%2Fregistry.npmmirror.com%2Fasync-validator%2Fdownload%2Fasync-validator-4.0.7.tgz"
  "version" "4.0.7"

"axios@^0.25.0":
  "integrity" "sha512-cD8FOb0tRH3uuEe6+evtAbgJtfxr7ly3fQjYcMcuPlgkwVS9xboaVIpcDV+cYQe+yGykgwZCs1pzjntcGa6l5g=="
  "resolved" "https://registry.npmmirror.com/axios/-/axios-0.25.0.tgz"
  "version" "0.25.0"
  dependencies:
    "follow-redirects" "^1.14.7"

"balanced-match@^1.0.0":
  "integrity" "sha512-3oSeUO0TMV67hN1AmbXsK4yaqU7tjiHlbxRDZOpH0KW9+CeX4bRAaX0Anxt0tx2MrpRpWwQaPwIlISEJhYU5Pw=="
  "resolved" "https://registry.npmmirror.com/balanced-match/-/balanced-match-1.0.2.tgz"
  "version" "1.0.2"

"binary-extensions@^2.0.0":
  "integrity" "sha1-dfUC7q+f/eQvyYgpZFvk6na9ni0="
  "resolved" "https://registry.nlark.com/binary-extensions/download/binary-extensions-2.2.0.tgz"
  "version" "2.2.0"

"brace-expansion@^1.1.7":
  "integrity" "sha512-iCuPHDFgrHX7H2vEI/5xpz07zSHB00TpugqhmYtVmMO6518mCuRMoOYFldEBl0g187ufozdaHgWKcYFb61qGiA=="
  "resolved" "https://registry.npmmirror.com/brace-expansion/-/brace-expansion-1.1.11.tgz"
  "version" "1.1.11"
  dependencies:
    "balanced-match" "^1.0.0"
    "concat-map" "0.0.1"

"braces@^3.0.1", "braces@~3.0.2":
  "integrity" "sha1-NFThpGLujVmeI23zNs2epPiv4Qc="
  "resolved" "https://registry.nlark.com/braces/download/braces-3.0.2.tgz"
  "version" "3.0.2"
  dependencies:
    "fill-range" "^7.0.1"

"chokidar@^3.5.2", "chokidar@>=3.0.0 <4.0.0":
  "integrity" "sha512-ekGhOnNVPgT77r4K/U3GDhu+FQ2S8TnK/s2KbIGXi0SZWuwkZ2QNyfWdZW+TVfn84DpEP7rLeCt2UI6bJ8GwbQ=="
  "resolved" "https://registry.npmmirror.com/chokidar/download/chokidar-3.5.2.tgz"
  "version" "3.5.2"
  dependencies:
    "anymatch" "~3.1.2"
    "braces" "~3.0.2"
    "glob-parent" "~5.1.2"
    "is-binary-path" "~2.1.0"
    "is-glob" "~4.0.1"
    "normalize-path" "~3.0.0"
    "readdirp" "~3.6.0"
  optionalDependencies:
    "fsevents" "~2.3.2"

"concat-map@0.0.1":
  "integrity" "sha512-/Srv4dswyQNBfohGpz9o6Yb3Gz3SrUDqBH5rTuhGR7ahtlbYKnVxw2bCFMRljaA7EXHaXZ8wsHdodFvbkhKmqg=="
  "resolved" "https://registry.npmmirror.com/concat-map/-/concat-map-0.0.1.tgz"
  "version" "0.0.1"

"csstype@^2.6.8":
  "integrity" "sha512-ZVxXaNy28/k3kJg0Fou5MiYpp88j7H9hLZp8PDC3jV0WFjfH5E9xHb56L0W59cPbKbcHXeP4qyT8PrHp8t6LcQ=="
  "resolved" "https://registry.npmmirror.com/csstype/download/csstype-2.6.19.tgz"
  "version" "2.6.19"

"dayjs@^1.10.7":
  "integrity" "sha512-P6twpd70BcPK34K26uJ1KT3wlhpuOAPoMwJzpsIWUxHZ7wpmbdZL/hQqBDfz7hGurYSa5PhzdhDHtt319hL3ig=="
  "resolved" "https://registry.npmmirror.com/dayjs/download/dayjs-1.10.7.tgz"
  "version" "1.10.7"

"debug@^4.3.3":
  "integrity" "sha512-/zxw5+vh1Tfv+4Qn7a5nsbcJKPaSvCDhojn6FEl9vupwK2VCSDtEiEtqr8DFtzYFOdz63LBkxec7DYuc2jon6Q=="
  "resolved" "https://registry.npmmirror.com/debug/-/debug-4.3.3.tgz"
  "version" "4.3.3"
  dependencies:
    "ms" "2.1.2"

"element-plus@^1.3.0-beta.5":
  "integrity" "sha512-su0sHN4ZkR5ISyP1McyiqY5wqrgZgKq0El0lSohjvjEWR3ODlgdmMfQolV0ZqTXKlO2mS16hO7nTFwX9PvZNTQ=="
  "resolved" "https://registry.npmmirror.com/element-plus/download/element-plus-1.3.0-beta.5.tgz"
  "version" "1.3.0-beta.5"
  dependencies:
    "@ctrl/tinycolor" "^3.4.0"
    "@element-plus/icons-vue" "^0.2.4"
    "@popperjs/core" "^2.10.2"
    "@vueuse/core" "^7.3.0"
    "async-validator" "^4.0.7"
    "dayjs" "^1.10.7"
    "lodash" "^4.17.21"
    "memoize-one" "^6.0.0"
    "normalize-wheel-es" "^1.1.1"

"esbuild-windows-64@0.13.15":
  "integrity" "sha512-9aMsPRGDWCd3bGjUIKG/ZOJPKsiztlxl/Q3C1XDswO6eNX/Jtwu4M+jb6YDH9hRSUflQWX0XKAfWzgy5Wk54JQ=="
  "resolved" "https://registry.npmmirror.com/esbuild-windows-64/download/esbuild-windows-64-0.13.15.tgz"
  "version" "0.13.15"

"esbuild@^0.13.12", "esbuild@>=0.13":
  "integrity" "sha512-raCxt02HBKv8RJxE8vkTSCXGIyKHdEdGfUmiYb8wnabnaEmHzyW7DCHb5tEN0xU8ryqg5xw54mcwnYkC4x3AIw=="
  "resolved" "https://registry.npmmirror.com/esbuild/download/esbuild-0.13.15.tgz"
  "version" "0.13.15"
  optionalDependencies:
    "esbuild-android-arm64" "0.13.15"
    "esbuild-darwin-64" "0.13.15"
    "esbuild-darwin-arm64" "0.13.15"
    "esbuild-freebsd-64" "0.13.15"
    "esbuild-freebsd-arm64" "0.13.15"
    "esbuild-linux-32" "0.13.15"
    "esbuild-linux-64" "0.13.15"
    "esbuild-linux-arm" "0.13.15"
    "esbuild-linux-arm64" "0.13.15"
    "esbuild-linux-mips64le" "0.13.15"
    "esbuild-linux-ppc64le" "0.13.15"
    "esbuild-netbsd-64" "0.13.15"
    "esbuild-openbsd-64" "0.13.15"
    "esbuild-sunos-64" "0.13.15"
    "esbuild-windows-32" "0.13.15"
    "esbuild-windows-64" "0.13.15"
    "esbuild-windows-arm64" "0.13.15"

"estree-walker@^2.0.1", "estree-walker@^2.0.2":
  "integrity" "sha1-UvAQF4wqTBF6d1fP6UKtt9LaTKw="
  "resolved" "https://registry.npmmirror.com/estree-walker/download/estree-walker-2.0.2.tgz"
  "version" "2.0.2"

"fast-glob@^3.2.11":
  "integrity" "sha512-xrO3+1bxSo3ZVHAnqzyuewYT6aMFHRAd4Kcs92MAonjwQZLsK9d0SF1IyQ3k5PoirxTW0Oe/RqFgMQ6TcNE5Ew=="
  "resolved" "https://registry.npmmirror.com/fast-glob/-/fast-glob-3.2.11.tgz"
  "version" "3.2.11"
  dependencies:
    "@nodelib/fs.stat" "^2.0.2"
    "@nodelib/fs.walk" "^1.2.3"
    "glob-parent" "^5.1.2"
    "merge2" "^1.3.0"
    "micromatch" "^4.0.4"

"fastq@^1.6.0":
  "integrity" "sha512-YpkpUnK8od0o1hmeSc7UUs/eB/vIPWJYjKck2QKIzAf71Vm1AAQ3EbuZB3g2JIy+pg+ERD0vqI79KyZiB2e2Nw=="
  "resolved" "https://registry.npmmirror.com/fastq/-/fastq-1.13.0.tgz"
  "version" "1.13.0"
  dependencies:
    "reusify" "^1.0.4"

"fill-range@^7.0.1":
  "integrity" "sha1-GRmmp8df44ssfHflGYU12prN2kA="
  "resolved" "https://registry.npm.taobao.org/fill-range/download/fill-range-7.0.1.tgz"
  "version" "7.0.1"
  dependencies:
    "to-regex-range" "^5.0.1"

"follow-redirects@^1.14.7":
  "integrity" "sha512-1x0S9UVJHsQprFcEC/qnNzBLcIxsjAV905f/UkQxbclCsoTWlacCNOpQa/anodLl2uaEKFhfWOvM2Qg77+15zA=="
  "resolved" "https://registry.npmmirror.com/follow-redirects/-/follow-redirects-1.14.8.tgz"
  "version" "1.14.8"

"function-bind@^1.1.1":
  "integrity" "sha1-pWiZ0+o8m6uHS7l3O3xe3pL0iV0="
  "resolved" "https://registry.npm.taobao.org/function-bind/download/function-bind-1.1.1.tgz"
  "version" "1.1.1"

"glob-parent@^5.1.2", "glob-parent@~5.1.2":
  "integrity" "sha1-hpgyxYA0/mikCTwX3BXoNA2EAcQ="
  "resolved" "https://registry.npmmirror.com/glob-parent/download/glob-parent-5.1.2.tgz"
  "version" "5.1.2"
  dependencies:
    "is-glob" "^4.0.1"

"has@^1.0.3":
  "integrity" "sha1-ci18v8H2qoJB8W3YFOAR4fQeh5Y="
  "resolved" "https://registry.nlark.com/has/download/has-1.0.3.tgz?cache=0&sync_timestamp=1618847173393&other_urls=https%3A%2F%2Fregistry.nlark.com%2Fhas%2Fdownload%2Fhas-1.0.3.tgz"
  "version" "1.0.3"
  dependencies:
    "function-bind" "^1.1.1"

"immutable@^4.0.0":
  "integrity" "sha512-zIE9hX70qew5qTUjSS7wi1iwj/l7+m54KWU247nhM3v806UdGj1yDndXj+IOYxxtW9zyLI+xqFNZjTuDaLUqFw=="
  "resolved" "https://registry.npmmirror.com/immutable/download/immutable-4.0.0.tgz"
  "version" "4.0.0"

"is-binary-path@~2.1.0":
  "integrity" "sha1-6h9/O4DwZCNug0cPhsCcJU+0Wwk="
  "resolved" "https://registry.nlark.com/is-binary-path/download/is-binary-path-2.1.0.tgz"
  "version" "2.1.0"
  dependencies:
    "binary-extensions" "^2.0.0"

"is-core-module@^2.8.0":
  "integrity" "sha512-SdNCUs284hr40hFTFP6l0IfZ/RSrMXF3qgoRHd3/79unUTvrFO/JoXwkGm+5J/Oe3E/b5GsnG330uUNgRpu1PA=="
  "resolved" "https://registry.npmmirror.com/is-core-module/download/is-core-module-2.8.1.tgz"
  "version" "2.8.1"
  dependencies:
    "has" "^1.0.3"

"is-extglob@^2.1.1":
  "integrity" "sha1-qIwCU1eR8C7TfHahueqXc8gz+MI="
  "resolved" "https://registry.npm.taobao.org/is-extglob/download/is-extglob-2.1.1.tgz"
  "version" "2.1.1"

"is-glob@^4.0.1", "is-glob@~4.0.1":
  "integrity" "sha1-ZPYeQsu7LuwgcanawLKLoeZdUIQ="
  "resolved" "https://registry.npmmirror.com/is-glob/download/is-glob-4.0.3.tgz"
  "version" "4.0.3"
  dependencies:
    "is-extglob" "^2.1.1"

"is-number@^7.0.0":
  "integrity" "sha1-dTU0W4lnNNX4DE0GxQlVUnoU8Ss="
  "resolved" "https://registry.nlark.com/is-number/download/is-number-7.0.0.tgz"
  "version" "7.0.0"

"local-pkg@^0.4.1":
  "integrity" "sha512-lL87ytIGP2FU5PWwNDo0w3WhIo2gopIAxPg9RxDYF7m4rr5ahuZxP22xnJHIvaLTe4Z9P6uKKY2UHiwyB4pcrw=="
  "resolved" "https://registry.npmmirror.com/local-pkg/-/local-pkg-0.4.1.tgz"
  "version" "0.4.1"

"lodash@^4.17.21":
  "integrity" "sha512-v2kDEe57lecTulaDIuNTPy3Ry4gLGJ6Z1O3vE1krgXZNrsQ+LFTGHVxVjcXPs17LhbZVGedAJv8XZ1tvj5FvSg=="
  "resolved" "https://registry.npmmirror.com/lodash/download/lodash-4.17.21.tgz"
  "version" "4.17.21"

"magic-string@^0.25.7":
  "integrity" "sha1-P0l9b9NMZpxnmNy4IfLvMfVEUFE="
  "resolved" "https://registry.nlark.com/magic-string/download/magic-string-0.25.7.tgz"
  "version" "0.25.7"
  dependencies:
    "sourcemap-codec" "^1.4.4"

"memoize-one@^6.0.0":
  "integrity" "sha1-slkbhx7YKUiu5HJ9xqvO7qyMEEU="
  "resolved" "https://registry.npmmirror.com/memoize-one/download/memoize-one-6.0.0.tgz"
  "version" "6.0.0"

"merge2@^1.3.0":
  "integrity" "sha512-8q7VEgMJW4J8tcfVPy8g09NcQwZdbwFEqhe/WZkoIzjn/3TGDwtOCYtXGxA3O8tPzpczCCDgv+P2P5y00ZJOOg=="
  "resolved" "https://registry.npmmirror.com/merge2/-/merge2-1.4.1.tgz"
  "version" "1.4.1"

"micromatch@^4.0.4":
  "integrity" "sha512-pRmzw/XUcwXGpD9aI9q/0XOwLNygjETJ8y0ao0wdqprrzDa4YnxLcz7fQRZr8voh8V10kGhABbNcHVk5wHgWwg=="
  "resolved" "https://registry.npmmirror.com/micromatch/-/micromatch-4.0.4.tgz"
  "version" "4.0.4"
  dependencies:
    "braces" "^3.0.1"
    "picomatch" "^2.2.3"

"minimatch@^3.0.4":
  "integrity" "sha512-tUpxzX0VAzJHjLu0xUfFv1gwVp9ba3IOuRAVH2EGuRW8a5emA2FlACLqiT/lDVtS1W+TGNwqz3sWaNyLgDJWuw=="
  "resolved" "https://registry.npmmirror.com/minimatch/-/minimatch-3.0.5.tgz"
  "version" "3.0.5"
  dependencies:
    "brace-expansion" "^1.1.7"

"moment@^2.29.1":
  "integrity" "sha512-kHmoybcPV8Sqy59DwNDY3Jefr64lK/by/da0ViFcuA4DH0vQg5Q6Ze5VimxkfQNSC+Mls/Kx53s7TjP1RhFEDQ=="
  "resolved" "https://registry.npmmirror.com/moment/download/moment-2.29.1.tgz"
  "version" "2.29.1"

"ms@2.1.2":
  "integrity" "sha512-sGkPx+VjMtmA6MX27oA4FBFELFCZZ4S4XqeGOXCv68tT+jb3vk/RyaKWP0PTKyWtmLSM0b+adUTEvbs1PEaH2w=="
  "resolved" "https://registry.npmmirror.com/ms/-/ms-2.1.2.tgz"
  "version" "2.1.2"

"nanoid@^3.1.30":
  "integrity" "sha512-zJpuPDwOv8D2zq2WRoMe1HsfZthVewpel9CAvTfc/2mBD1uUT/agc5f7GHGWXlYkFvi1mVxe4IjvP2HNrop7nQ=="
  "resolved" "https://registry.npmmirror.com/nanoid/download/nanoid-3.1.30.tgz"
  "version" "3.1.30"

"normalize-path@^3.0.0", "normalize-path@~3.0.0":
  "integrity" "sha1-Dc1p/yOhybEf0JeDFmRKA4ghamU="
  "resolved" "https://registry.npm.taobao.org/normalize-path/download/normalize-path-3.0.0.tgz"
  "version" "3.0.0"

"normalize-wheel-es@^1.1.1":
  "integrity" "sha1-qAlttqVvlDMtiE/Y6+2ojy/HlWk="
  "resolved" "https://registry.npmmirror.com/normalize-wheel-es/download/normalize-wheel-es-1.1.1.tgz"
  "version" "1.1.1"

"path-parse@^1.0.7":
  "integrity" "sha1-+8EUtgykKzDZ2vWFjkvWi77bZzU="
  "resolved" "https://registry.nlark.com/path-parse/download/path-parse-1.0.7.tgz"
  "version" "1.0.7"

"picocolors@^1.0.0":
  "integrity" "sha1-y1vcdP8/UYkiNur3nWi8RFZKuBw="
  "resolved" "https://registry.npmmirror.com/picocolors/download/picocolors-1.0.0.tgz?cache=0&sync_timestamp=1634093442271&other_urls=https%3A%2F%2Fregistry.npmmirror.com%2Fpicocolors%2Fdownload%2Fpicocolors-1.0.0.tgz"
  "version" "1.0.0"

"picomatch@^2.0.4", "picomatch@^2.2.1", "picomatch@^2.2.2", "picomatch@^2.2.3":
  "integrity" "sha512-JU3teHTNjmE2VCGFzuY8EXzCDVwEqB2a8fsIvwaStHhAWJEeVd1o1QD80CU6+ZdEXXSLbSsuLwJjkCBWqRQUVA=="
  "resolved" "https://registry.npmmirror.com/picomatch/download/picomatch-2.3.1.tgz"
  "version" "2.3.1"

"pinia@^2.0.11":
  "integrity" "sha512-JzcmnMqu28PNWOjDgEDK6fTrIzX8eQZKPPKvu/fpHdpXARUj1xeVdFi3YFIMOWswqaBd589cpmAMdSSTryI9iw=="
  "resolved" "https://registry.npmmirror.com/pinia/-/pinia-2.0.11.tgz"
  "version" "2.0.11"
  dependencies:
    "@vue/devtools-api" "^6.0.0-beta.21"
    "vue-demi" "*"

"postcss@^8.1.10", "postcss@^8.4.5":
  "integrity" "sha512-jBDboWM8qpaqwkMwItqTQTiFikhs/67OYVvblFFTM7MrZjt6yMKd6r2kgXizEbTTljacm4NldIlZnhbjr84QYg=="
  "resolved" "https://registry.npmmirror.com/postcss/download/postcss-8.4.5.tgz"
  "version" "8.4.5"
  dependencies:
    "nanoid" "^3.1.30"
    "picocolors" "^1.0.0"
    "source-map-js" "^1.0.1"

"queue-microtask@^1.2.2":
  "integrity" "sha512-NuaNSa6flKT5JaSYQzJok04JzTL1CA6aGhv5rfLW3PgqA+M2ChpZQnAC8h8i4ZFkBS8X5RqkDBHA7r4hej3K9A=="
  "resolved" "https://registry.npmmirror.com/queue-microtask/-/queue-microtask-1.2.3.tgz"
  "version" "1.2.3"

"readdirp@~3.6.0":
  "integrity" "sha1-dKNwvYVxFuJFspzJc0DNQxoCpsc="
  "resolved" "https://registry.npm.taobao.org/readdirp/download/readdirp-3.6.0.tgz"
  "version" "3.6.0"
  dependencies:
    "picomatch" "^2.2.1"

"resolve@^1.20.0", "resolve@^1.21.0":
  "integrity" "sha512-3wCbTpk5WJlyE4mSOtDLhqQmGFi0/TD9VPwmiolnk8U0wRgMEktqCXd3vy5buTO3tljvalNvKrjHEfrd2WpEKA=="
  "resolved" "https://registry.npmmirror.com/resolve/download/resolve-1.21.0.tgz"
  "version" "1.21.0"
  dependencies:
    "is-core-module" "^2.8.0"
    "path-parse" "^1.0.7"
    "supports-preserve-symlinks-flag" "^1.0.0"

"reusify@^1.0.4":
  "integrity" "sha512-U9nH88a3fc/ekCF1l0/UP1IosiuIjyTh7hBvXVMHYgVcfGvt897Xguj2UOLDeI5BG2m7/uwyaLVT6fbtCwTyzw=="
  "resolved" "https://registry.npmmirror.com/reusify/-/reusify-1.0.4.tgz"
  "version" "1.0.4"

"rollup@^2.50.0", "rollup@^2.59.0":
  "integrity" "sha512-nps0idjmD+NXl6OREfyYXMn/dar3WGcyKn+KBzPdaLecub3x/LrId0wUcthcr8oZUAcZAR8NKcfGGFlNgGL1kQ=="
  "resolved" "https://registry.npmmirror.com/rollup/download/rollup-2.63.0.tgz"
  "version" "2.63.0"
  optionalDependencies:
    "fsevents" "~2.3.2"

"run-parallel@^1.1.9":
  "integrity" "sha512-5l4VyZR86LZ/lDxZTR6jqL8AFE2S0IFLMP26AbjsLVADxHdhB/c0GUsH+y39UfCi3dzz8OlQuPmnaJOMoDHQBA=="
  "resolved" "https://registry.npmmirror.com/run-parallel/-/run-parallel-1.2.0.tgz"
  "version" "1.2.0"
  dependencies:
    "queue-microtask" "^1.2.2"

"sass@*", "sass@^1.49.7":
  "integrity" "sha512-13dml55EMIR2rS4d/RDHHP0sXMY3+30e1TKsyXaSz3iLWVoDWEoboY8WzJd5JMnxrRHffKO3wq2mpJ0jxRJiEQ=="
  "resolved" "https://registry.npmmirror.com/sass/-/sass-1.49.7.tgz"
  "version" "1.49.7"
  dependencies:
    "chokidar" ">=3.0.0 <4.0.0"
    "immutable" "^4.0.0"
    "source-map-js" ">=0.6.2 <2.0.0"

"source-map-js@^1.0.1", "source-map-js@>=0.6.2 <2.0.0":
  "integrity" "sha512-4+TN2b3tqOCd/kaGRJ/sTYA0tR0mdXx26ipdolxcwtJVqEnqNYvlCAt1q3ypy4QMlYus+Zh34RNtYLoq2oQ4IA=="
  "resolved" "https://registry.npmmirror.com/source-map-js/download/source-map-js-1.0.1.tgz"
  "version" "1.0.1"

"source-map@^0.6.1":
  "integrity" "sha1-dHIq8y6WFOnCh6jQu95IteLxomM="
  "resolved" "https://registry.npm.taobao.org/source-map/download/source-map-0.6.1.tgz"
  "version" "0.6.1"

"sourcemap-codec@^1.4.4":
  "integrity" "sha1-6oBL2UhXQC5pktBaOO8a41qatMQ="
  "resolved" "https://registry.nlark.com/sourcemap-codec/download/sourcemap-codec-1.4.8.tgz"
  "version" "1.4.8"

"supports-preserve-symlinks-flag@^1.0.0":
  "integrity" "sha512-ot0WnXS9fgdkgIcePe6RHNk1WA8+muPa6cSjeR3V8K27q9BB1rTE3R1p7Hv0z1ZyAc8s6Vvv8DIyWf681MAt0w=="
  "resolved" "https://registry.npmmirror.com/supports-preserve-symlinks-flag/download/supports-preserve-symlinks-flag-1.0.0.tgz"
  "version" "1.0.0"

"three@^0.137.5":
  "integrity" "sha512-rTyr+HDFxjnN8+N/guZjDgfVxgHptZQpf6xfL/Mo7a5JYIFwK6tAq3bzxYYB4Ae0RosDZlDuP+X5aXDXz+XnHQ=="
  "resolved" "https://registry.npmmirror.com/three/-/three-0.137.5.tgz"
  "version" "0.137.5"

"to-regex-range@^5.0.1":
  "integrity" "sha1-FkjESq58jZiKMmAY7XL1tN0DkuQ="
  "resolved" "https://registry.nlark.com/to-regex-range/download/to-regex-range-5.0.1.tgz"
  "version" "5.0.1"
  dependencies:
    "is-number" "^7.0.0"

"unplugin-auto-import@^0.5.11":
  "integrity" "sha512-MJ3POLe/IysRHF4yd32FkKDoxqSRoiuIHm89ys67B8FLuz2Pvh9poeqTVe6IhJsNxwv0+GSdFfj5Dpq24lhm4g=="
  "resolved" "https://registry.npmmirror.com/unplugin-auto-import/-/unplugin-auto-import-0.5.11.tgz"
  "version" "0.5.11"
  dependencies:
    "@antfu/utils" "^0.4.0"
    "@rollup/pluginutils" "^4.1.2"
    "local-pkg" "^0.4.1"
    "magic-string" "^0.25.7"
    "resolve" "^1.21.0"
    "unplugin" "^0.3.0"

"unplugin-vue-components@^0.17.18":
  "integrity" "sha512-4wvJnSShTXCnZpO1G6h0DlHjBXap0JqzFyU84guMT6EH0shUZZ3TAta4pDa8nNeWAtcJVTF9uQswePq1elhpKQ=="
  "resolved" "https://registry.npmmirror.com/unplugin-vue-components/-/unplugin-vue-components-0.17.18.tgz"
  "version" "0.17.18"
  dependencies:
    "@antfu/utils" "^0.4.0"
    "@rollup/pluginutils" "^4.1.2"
    "chokidar" "^3.5.2"
    "debug" "^4.3.3"
    "fast-glob" "^3.2.11"
    "local-pkg" "^0.4.1"
    "magic-string" "^0.25.7"
    "minimatch" "^3.0.4"
    "resolve" "^1.21.0"
    "unplugin" "^0.3.0"

"unplugin@^0.3.0":
  "integrity" "sha512-5d0DMYNKZU+S9eZUiBfw6Co32eRg8myUgBPoWSqG/wDFCUE/WznfSsJnZWi1P9l69x4uLJqt2qVq1xW/AsXFrw=="
  "resolved" "https://registry.npmmirror.com/unplugin/-/unplugin-0.3.2.tgz"
  "version" "0.3.2"
  dependencies:
    "webpack-virtual-modules" "^0.4.3"

"vite@^2.3.0", "vite@^2.5.10", "vite@^2.7.2":
  "integrity" "sha512-KEY96ntXUid1/xJihJbgmLZx7QSC2D4Tui0FdS0Old5OokYzFclcofhtxtjDdGOk/fFpPbHv9yw88+rB93Tb8w=="
  "resolved" "https://registry.npmmirror.com/vite/download/vite-2.7.10.tgz"
  "version" "2.7.10"
  dependencies:
    "esbuild" "^0.13.12"
    "postcss" "^8.4.5"
    "resolve" "^1.20.0"
    "rollup" "^2.59.0"
  optionalDependencies:
    "fsevents" "~2.3.2"

"vue-demi@*":
  "integrity" "sha1-9+GO++z/0RqwadFHLXoG4xm0F0w="
  "resolved" "https://registry.npmmirror.com/vue-demi/download/vue-demi-0.12.1.tgz"
  "version" "0.12.1"

"vue-router@4":
  "integrity" "sha512-CPXvfqe+mZLB1kBWssssTiWg4EQERyqJZes7USiqfW9B5N2x+nHlnsM1D3b5CaJ6qgCvMmYJnz+G0iWjNCvXrg=="
  "resolved" "https://registry.npmmirror.com/vue-router/-/vue-router-4.0.12.tgz"
  "version" "4.0.12"
  dependencies:
    "@vue/devtools-api" "^6.0.0-beta.18"

"vue@^2.6.0 || ^3.2.0", "vue@^2.6.14 || ^3.2.0", "vue@^3.0.0", "vue@^3.0.0-0 || ^2.6.0", "vue@^3.2.0", "vue@^3.2.25", "vue@2 || 3", "vue@3.2.26":
  "integrity" "sha512-KD4lULmskL5cCsEkfhERVRIOEDrfEL9CwAsLYpzptOGjaGFNWo3BQ9g8MAb7RaIO71rmVOziZ/uEN/rHwcUIhg=="
  "resolved" "https://registry.npmmirror.com/vue/download/vue-3.2.26.tgz"
  "version" "3.2.26"
  dependencies:
    "@vue/compiler-dom" "3.2.26"
    "@vue/compiler-sfc" "3.2.26"
    "@vue/runtime-dom" "3.2.26"
    "@vue/server-renderer" "3.2.26"
    "@vue/shared" "3.2.26"

"webpack-virtual-modules@^0.4.3":
  "integrity" "sha512-5NUqC2JquIL2pBAAo/VfBP6KuGkHIZQXW/lNKupLPfhViwh8wNsu0BObtl09yuKZszeEUfbXz8xhrHvSG16Nqw=="
  "resolved" "https://registry.npmmirror.com/webpack-virtual-modules/-/webpack-virtual-modules-0.4.3.tgz"
  "version" "0.4.3"
